
Microsoft Visual Studio Solution File, Format Version 12.00
# Visual Studio Version 16
VisualStudioVersion = 16.0.29001.49
MinimumVisualStudioVersion = 10.0.40219.1
Project("{FAE04EC0-301F-11D3-BF4B-00C04F79EFBC}") = "Taylor's Method", "Taylor's Method.csproj", "{950B97C0-C466-48CD-A74D-F3D864F38403}"
EndProject
Global
	GlobalSection(SolutionConfigurationPlatforms) = preSolution
		Debug|Any CPU = Debug|Any CPU
		Release|Any CPU = Release|Any CPU
	EndGlobalSection
	GlobalSection(ProjectConfigurationPlatforms) = postSolution
		{950B97C0-C466-48CD-A74D-F3D864F38403}.Debug|Any CPU.ActiveCfg = Debug|Any CPU
		{950B97C0-C466-48CD-A74D-F3D864F38403}.Debug|Any CPU.Build.0 = Debug|Any CPU
		{950B97C0-C466-48CD-A74D-F3D864F38403}.Release|Any CPU.ActiveCfg = Release|Any CPU
		{950B97C0-C466-48CD-A74D-F3D864F38403}.Release|Any CPU.Build.0 = Release|Any CPU
	EndGlobalSection
	GlobalSection(SolutionProperties) = preSolution
		HideSolutionNode = FALSE
	EndGlobalSection
	GlobalSection(ExtensibilityGlobals) = postSolution
		SolutionGuid = {2EF6D529-F186-4E0F-9019-8036C90F0F3C}
	EndGlobalSection
EndGlobal
